Microsoft Visual Studio Solution File, Format Version 12.00
# Visual Studio Version 17
VisualStudioVersion = 17.5.2.0
MinimumVisualStudioVersion = 10.0.40219.1
Project("{FAE04EC0-301F-11D3-BF4B-00C04F79EFBC}") = "alloy13preview", "alloy13preview.csproj", "{DB7E60E3-CC3C-F83B-0331-83098BC50C9D}"
EndProject
Global
	GlobalSection(SolutionConfigurationPlatforms) = preSolution
		Debug|Any CPU = Debug|Any CPU
		Release|Any CPU = Release|Any CPU
	EndGlobalSection
	GlobalSection(ProjectConfigurationPlatforms) = postSolution
		{DB7E60E3-CC3C-F83B-0331-83098BC50C9D}.Debug|Any CPU.ActiveCfg = Debug|Any CPU
		{DB7E60E3-CC3C-F83B-0331-83098BC50C9D}.Debug|Any CPU.Build.0 = Debug|Any CPU
		{DB7E60E3-CC3C-F83B-0331-83098BC50C9D}.Release|Any CPU.ActiveCfg = Release|Any CPU
		{DB7E60E3-CC3C-F83B-0331-83098BC50C9D}.Release|Any CPU.Build.0 = Release|Any CPU
	EndGlobalSection
	GlobalSection(SolutionProperties) = preSolution
		HideSolutionNode = FALSE
	EndGlobalSection
	GlobalSection(ExtensibilityGlobals) = postSolution
		SolutionGuid = {2B88E548-4888-4FFD-81BB-841FA95ABB17}
	EndGlobalSection
EndGlobal
